
Microsoft Visual Studio Solution File, Format Version 12.00
# Visual Studio 15
VisualStudioVersion = 15.0.28307.902
MinimumVisualStudioVersion = 10.0.40219.1
Project("{FAE04EC0-301F-11D3-BF4B-00C04F79EFBC}") = "CosplayWeb", "CosplayWeb\CosplayWeb.csproj", "{A42BBDD8-CF42-4077-8F76-BD3342309A0C}"
EndProject
Global
	GlobalSection(SolutionConfigurationPlatforms) = preSolution
		Debug|Any CPU = Debug|Any CPU
		Release|Any CPU = Release|Any CPU
	EndGlobalSection
	GlobalSection(ProjectConfigurationPlatforms) = postSolution
		{A42BBDD8-CF42-4077-8F76-BD3342309A0C}.Debug|Any CPU.ActiveCfg = Debug|Any CPU
		{A42BBDD8-CF42-4077-8F76-BD3342309A0C}.Debug|Any CPU.Build.0 = Debug|Any CPU
		{A42BBDD8-CF42-4077-8F76-BD3342309A0C}.Release|Any CPU.ActiveCfg = Release|Any CPU
		{A42BBDD8-CF42-4077-8F76-BD3342309A0C}.Release|Any CPU.Build.0 = Release|Any CPU
	EndGlobalSection
	GlobalSection(SolutionProperties) = preSolution
		HideSolutionNode = FALSE
	EndGlobalSection
	GlobalSection(ExtensibilityGlobals) = postSolution
		SolutionGuid = {21235870-154C-4477-8634-F9F8D6FD3787}
	EndGlobalSection
EndGlobal
